
Microsoft Visual Studio Solution File, Format Version 12.00
# Visual Studio 14
VisualStudioVersion = 14.0.25420.1
MinimumVisualStudioVersion = 10.0.40219.1
Project("{FAE04EC0-301F-11D3-BF4B-00C04F79EFBC}") = "Teht01", "Teht01\Teht01.csproj", "{CC0CAE40-2B66-4378-85B4-E1B2F17841EF}"
EndProject
Project("{FAE04EC0-301F-11D3-BF4B-00C04F79EFBC}") = "Teht01_B", "Teht01_B\Teht01_B.csproj", "{C7A217CB-B44C-4D86-9DF3-8DB6559B526E}"
EndProject
Project("{FAE04EC0-301F-11D3-BF4B-00C04F79EFBC}") = "Teht02", "Teht02\Teht02.csproj", "{D1E1025B-7E2C-40D9-B39D-EC6CC283EA9C}"
EndProject
Project("{FAE04EC0-301F-11D3-BF4B-00C04F79EFBC}") = "Teht03", "Teht3\Teht03.csproj", "{777433CE-23A3-418C-833A-8D06913BEAC8}"
EndProject
Project("{FAE04EC0-301F-11D3-BF4B-00C04F79EFBC}") = "Teht04", "Teht04\Teht04.csproj", "{F9A2A604-1D51-4BFB-99A1-CB656956AEC4}"
EndProject
Project("{FAE04EC0-301F-11D3-BF4B-00C04F79EFBC}") = "Teht05", "ConsoleApplication2\Teht05.csproj", "{3EA83606-AD59-46B0-A212-AC0F8314CB3B}"
EndProject
Project("{FAE04EC0-301F-11D3-BF4B-00C04F79EFBC}") = "Teht06", "Teht06\Teht06.csproj", "{5E1DFA09-5FB6-4C91-A804-815E35FDDFD5}"
EndProject
Project("{FAE04EC0-301F-11D3-BF4B-00C04F79EFBC}") = "Teht07", "Teht07\Teht07.csproj", "{40BE7B74-DCBE-4606-A58C-FD447038D7DF}"
EndProject
Project("{FAE04EC0-301F-11D3-BF4B-00C04F79EFBC}") = "Teht08", "Teht08\Teht08.csproj", "{294AB59E-B20C-48BF-9DF2-251D23C90CBC}"
EndProject
Project("{FAE04EC0-301F-11D3-BF4B-00C04F79EFBC}") = "Teht09", "Teht09\Teht09.csproj", "{D3FF2A33-80D9-4478-A006-800F1FCA9302}"
EndProject
Project("{FAE04EC0-301F-11D3-BF4B-00C04F79EFBC}") = "Teht10", "Teht010\Teht10.csproj", "{263DF4A4-4EDC-4E74-9F63-C7C7191A8E47}"
EndProject
Project("{FAE04EC0-301F-11D3-BF4B-00C04F79EFBC}") = "Teht11", "Teht11\Teht11.csproj", "{470E15C2-9C69-4519-8874-2297C721EA08}"
EndProject
Project("{FAE04EC0-301F-11D3-BF4B-00C04F79EFBC}") = "Teht12", "Teht12\Teht12.csproj", "{74EEFEB2-67CE-4097-B7C1-0D9EAF59B9CF}"
EndProject
Project("{FAE04EC0-301F-11D3-BF4B-00C04F79EFBC}") = "Teht13", "Teht13\Teht13.csproj", "{0030EF29-7F7A-4E7C-B3EF-A2A7BD5A3E45}"
EndProject
Project("{FAE04EC0-301F-11D3-BF4B-00C04F79EFBC}") = "Teht14", "Teht14\Teht14.csproj", "{1DA55150-01A3-43A2-8F53-2EB679B3D4F1}"
EndProject
Project("{FAE04EC0-301F-11D3-BF4B-00C04F79EFBC}") = "Teht16", "Teht16\Teht16.csproj", "{3F647253-8A6A-4451-86DA-CE51388639F1}"
EndProject
Project("{FAE04EC0-301F-11D3-BF4B-00C04F79EFBC}") = "Teht17", "Teht17\Teht17.csproj", "{46C34251-D1AD-40CB-BDD3-C4AF54CBA1EC}"
EndProject
Project("{FAE04EC0-301F-11D3-BF4B-00C04F79EFBC}") = "CarApplication", "CarApplication\CarApplication.csproj", "{F83E3B38-98DE-459D-8FB7-E4B158469BDB}"
EndProject
Project("{FAE04EC0-301F-11D3-BF4B-00C04F79EFBC}") = "HeaterApplication", "HeaterApplication\HeaterApplication.csproj", "{8D11D1BE-D4B2-4026-94E1-57A72507FEE5}"
EndProject
Project("{FAE04EC0-301F-11D3-BF4B-00C04F79EFBC}") = "WashingMachine", "WashingMachine\WashingMachine.csproj", "{0059A9E9-8F85-46F9-B8EF-61C22ED1525F}"
EndProject
Project("{FAE04EC0-301F-11D3-BF4B-00C04F79EFBC}") = "TvApplication", "TvApplication\TvApplication.csproj", "{1B38CF4A-E5DD-4B0C-996C-E412C804975A}"
EndProject
Project("{FAE04EC0-301F-11D3-BF4B-00C04F79EFBC}") = "VehicleApplication", "VehicleApplication\VehicleApplication.csproj", "{B14D3205-402E-4F4B-8032-674F0BECD87D}"
EndProject
Project("{FAE04EC0-301F-11D3-BF4B-00C04F79EFBC}") = "StudentRegister", "StudentRegister\StudentRegister.csproj", "{565AA29B-5BA0-4AB7-BE20-1D043CAC3EE1}"
EndProject
Project("{FAE04EC0-301F-11D3-BF4B-00C04F79EFBC}") = "PersonApplication", "PersonApplication\PersonApplication.csproj", "{150E0A3D-D807-4405-9499-1277CCED1D68}"
EndProject
Project("{FAE04EC0-301F-11D3-BF4B-00C04F79EFBC}") = "ElevatorApplication", "ElevatorApplication\ElevatorApplication.csproj", "{94EB9F5F-9F5D-49D2-A312-1D8FF5816839}"
EndProject
Project("{FAE04EC0-301F-11D3-BF4B-00C04F79EFBC}") = "AmplifierApplication", "AmplifierApplication\AmplifierApplication.csproj", "{4A16730A-6069-4C93-B045-02A832B1C54A}"
EndProject
Project("{FAE04EC0-301F-11D3-BF4B-00C04F79EFBC}") = "EmployeeApplication", "EmployeeApplication\EmployeeApplication.csproj", "{618F1177-E335-4313-A486-759F6B86EF42}"
EndProject
Project("{FAE04EC0-301F-11D3-BF4B-00C04F79EFBC}") = "BikeBoatApplication", "BikeBoatApplication\BikeBoatApplication.csproj", "{20A62AFC-2EC6-4FB9-8903-A66C57EF453A}"
EndProject
Project("{FAE04EC0-301F-11D3-BF4B-00C04F79EFBC}") = "RadioApplication", "RadioApplication\RadioApplication.csproj", "{9EA73B03-1E78-447E-91C5-E0275D93C1FB}"
EndProject
Project("{FAE04EC0-301F-11D3-BF4B-00C04F79EFBC}") = "HenkilöRekisteri", "HenkilöRekisteri\HenkilöRekisteri.csproj", "{35B5B495-381D-42DF-A994-0075D46DB6B8}"
EndProject
Global
	GlobalSection(SolutionConfigurationPlatforms) = preSolution
		Debug|Any CPU = Debug|Any CPU
		Debug|x64 = Debug|x64
		Debug|x86 = Debug|x86
		Release|Any CPU = Release|Any CPU
		Release|x64 = Release|x64
		Release|x86 = Release|x86
	EndGlobalSection
	GlobalSection(ProjectConfigurationPlatforms) = postSolution
		{CC0CAE40-2B66-4378-85B4-E1B2F17841EF}.Debug|Any CPU.ActiveCfg = Debug|Any CPU
		{CC0CAE40-2B66-4378-85B4-E1B2F17841EF}.Debug|Any CPU.Build.0 = Debug|Any CPU
		{CC0CAE40-2B66-4378-85B4-E1B2F17841EF}.Debug|x64.ActiveCfg = Debug|Any CPU
		{CC0CAE40-2B66-4378-85B4-E1B2F17841EF}.Debug|x64.Build.0 = Debug|Any CPU
		{CC0CAE40-2B66-4378-85B4-E1B2F17841EF}.Debug|x86.ActiveCfg = Debug|Any CPU
		{CC0CAE40-2B66-4378-85B4-E1B2F17841EF}.Debug|x86.Build.0 = Debug|Any CPU
		{CC0CAE40-2B66-4378-85B4-E1B2F17841EF}.Release|Any CPU.ActiveCfg = Release|Any CPU
		{CC0CAE40-2B66-4378-85B4-E1B2F17841EF}.Release|Any CPU.Build.0 = Release|Any CPU
		{CC0CAE40-2B66-4378-85B4-E1B2F17841EF}.Release|x64.ActiveCfg = Release|Any CPU
		{CC0CAE40-2B66-4378-85B4-E1B2F17841EF}.Release|x64.Build.0 = Release|Any CPU
		{CC0CAE40-2B66-4378-85B4-E1B2F17841EF}.Release|x86.ActiveCfg = Release|Any CPU
		{CC0CAE40-2B66-4378-85B4-E1B2F17841EF}.Release|x86.Build.0 = Release|Any CPU
		{C7A217CB-B44C-4D86-9DF3-8DB6559B526E}.Debug|Any CPU.ActiveCfg = Debug|Any CPU
		{C7A217CB-B44C-4D86-9DF3-8DB6559B526E}.Debug|Any CPU.Build.0 = Debug|Any CPU
		{C7A217CB-B44C-4D86-9DF3-8DB6559B526E}.Debug|x64.ActiveCfg = Debug|Any CPU
		{C7A217CB-B44C-4D86-9DF3-8DB6559B526E}.Debug|x64.Build.0 = Debug|Any CPU
		{C7A217CB-B44C-4D86-9DF3-8DB6559B526E}.Debug|x86.ActiveCfg = Debug|Any CPU
		{C7A217CB-B44C-4D86-9DF3-8DB6559B526E}.Debug|x86.Build.0 = Debug|Any CPU
		{C7A217CB-B44C-4D86-9DF3-8DB6559B526E}.Release|Any CPU.ActiveCfg = Release|Any CPU
		{C7A217CB-B44C-4D86-9DF3-8DB6559B526E}.Release|Any CPU.Build.0 = Release|Any CPU
		{C7A217CB-B44C-4D86-9DF3-8DB6559B526E}.Release|x64.ActiveCfg = Release|Any CPU
		{C7A217CB-B44C-4D86-9DF3-8DB6559B526E}.Release|x64.Build.0 = Release|Any CPU
		{C7A217CB-B44C-4D86-9DF3-8DB6559B526E}.Release|x86.ActiveCfg = Release|Any CPU
		{C7A217CB-B44C-4D86-9DF3-8DB6559B526E}.Release|x86.Build.0 = Release|Any CPU
		{D1E1025B-7E2C-40D9-B39D-EC6CC283EA9C}.Debug|Any CPU.ActiveCfg = Debug|Any CPU
		{D1E1025B-7E2C-40D9-B39D-EC6CC283EA9C}.Debug|Any CPU.Build.0 = Debug|Any CPU
		{D1E1025B-7E2C-40D9-B39D-EC6CC283EA9C}.Debug|x64.ActiveCfg = Debug|Any CPU
		{D1E1025B-7E2C-40D9-B39D-EC6CC283EA9C}.Debug|x64.Build.0 = Debug|Any CPU
		{D1E1025B-7E2C-40D9-B39D-EC6CC283EA9C}.Debug|x86.ActiveCfg = Debug|Any CPU
		{D1E1025B-7E2C-40D9-B39D-EC6CC283EA9C}.Debug|x86.Build.0 = Debug|Any CPU
		{D1E1025B-7E2C-40D9-B39D-EC6CC283EA9C}.Release|Any CPU.ActiveCfg = Release|Any CPU
		{D1E1025B-7E2C-40D9-B39D-EC6CC283EA9C}.Release|Any CPU.Build.0 = Release|Any CPU
		{D1E1025B-7E2C-40D9-B39D-EC6CC283EA9C}.Release|x64.ActiveCfg = Release|Any CPU
		{D1E1025B-7E2C-40D9-B39D-EC6CC283EA9C}.Release|x64.Build.0 = Release|Any CPU
		{D1E1025B-7E2C-40D9-B39D-EC6CC283EA9C}.Release|x86.ActiveCfg = Release|Any CPU
		{D1E1025B-7E2C-40D9-B39D-EC6CC283EA9C}.Release|x86.Build.0 = Release|Any CPU
		{777433CE-23A3-418C-833A-8D06913BEAC8}.Debug|Any CPU.ActiveCfg = Debug|Any CPU
		{777433CE-23A3-418C-833A-8D06913BEAC8}.Debug|Any CPU.Build.0 = Debug|Any CPU
		{777433CE-23A3-418C-833A-8D06913BEAC8}.Debug|x64.ActiveCfg = Debug|Any CPU
		{777433CE-23A3-418C-833A-8D06913BEAC8}.Debug|x64.Build.0 = Debug|Any CPU
		{777433CE-23A3-418C-833A-8D06913BEAC8}.Debug|x86.ActiveCfg = Debug|Any CPU
		{777433CE-23A3-418C-833A-8D06913BEAC8}.Debug|x86.Build.0 = Debug|Any CPU
		{777433CE-23A3-418C-833A-8D06913BEAC8}.Release|Any CPU.ActiveCfg = Release|Any CPU
		{777433CE-23A3-418C-833A-8D06913BEAC8}.Release|Any CPU.Build.0 = Release|Any CPU
		{777433CE-23A3-418C-833A-8D06913BEAC8}.Release|x64.ActiveCfg = Release|Any CPU
		{777433CE-23A3-418C-833A-8D06913BEAC8}.Release|x64.Build.0 = Release|Any CPU
		{777433CE-23A3-418C-833A-8D06913BEAC8}.Release|x86.ActiveCfg = Release|Any CPU
		{777433CE-23A3-418C-833A-8D06913BEAC8}.Release|x86.Build.0 = Release|Any CPU
		{F9A2A604-1D51-4BFB-99A1-CB656956AEC4}.Debug|Any CPU.ActiveCfg = Debug|Any CPU
		{F9A2A604-1D51-4BFB-99A1-CB656956AEC4}.Debug|Any CPU.Build.0 = Debug|Any CPU
		{F9A2A604-1D51-4BFB-99A1-CB656956AEC4}.Debug|x64.ActiveCfg = Debug|Any CPU
		{F9A2A604-1D51-4BFB-99A1-CB656956AEC4}.Debug|x64.Build.0 = Debug|Any CPU
		{F9A2A604-1D51-4BFB-99A1-CB656956AEC4}.Debug|x86.ActiveCfg = Debug|Any CPU
		{F9A2A604-1D51-4BFB-99A1-CB656956AEC4}.Debug|x86.Build.0 = Debug|Any CPU
		{F9A2A604-1D51-4BFB-99A1-CB656956AEC4}.Release|Any CPU.ActiveCfg = Release|Any CPU
		{F9A2A604-1D51-4BFB-99A1-CB656956AEC4}.Release|Any CPU.Build.0 = Release|Any CPU
		{F9A2A604-1D51-4BFB-99A1-CB656956AEC4}.Release|x64.ActiveCfg = Release|Any CPU
		{F9A2A604-1D51-4BFB-99A1-CB656956AEC4}.Release|x64.Build.0 = Release|Any CPU
		{F9A2A604-1D51-4BFB-99A1-CB656956AEC4}.Release|x86.ActiveCfg = Release|Any CPU
		{F9A2A604-1D51-4BFB-99A1-CB656956AEC4}.Release|x86.Build.0 = Release|Any CPU
		{3EA83606-AD59-46B0-A212-AC0F8314CB3B}.Debug|Any CPU.ActiveCfg = Debug|Any CPU
		{3EA83606-AD59-46B0-A212-AC0F8314CB3B}.Debug|Any CPU.Build.0 = Debug|Any CPU
		{3EA83606-AD59-46B0-A212-AC0F8314CB3B}.Debug|x64.ActiveCfg = Debug|Any CPU
		{3EA83606-AD59-46B0-A212-AC0F8314CB3B}.Debug|x64.Build.0 = Debug|Any CPU
		{3EA83606-AD59-46B0-A212-AC0F8314CB3B}.Debug|x86.ActiveCfg = Debug|Any CPU
		{3EA83606-AD59-46B0-A212-AC0F8314CB3B}.Debug|x86.Build.0 = Debug|Any CPU
		{3EA83606-AD59-46B0-A212-AC0F8314CB3B}.Release|Any CPU.ActiveCfg = Release|Any CPU
		{3EA83606-AD59-46B0-A212-AC0F8314CB3B}.Release|Any CPU.Build.0 = Release|Any CPU
		{3EA83606-AD59-46B0-A212-AC0F8314CB3B}.Release|x64.ActiveCfg = Release|Any CPU
		{3EA83606-AD59-46B0-A212-AC0F8314CB3B}.Release|x64.Build.0 = Release|Any CPU
		{3EA83606-AD59-46B0-A212-AC0F8314CB3B}.Release|x86.ActiveCfg = Release|Any CPU
		{3EA83606-AD59-46B0-A212-AC0F8314CB3B}.Release|x86.Build.0 = Release|Any CPU
		{5E1DFA09-5FB6-4C91-A804-815E35FDDFD5}.Debug|Any CPU.ActiveCfg = Debug|Any CPU
		{5E1DFA09-5FB6-4C91-A804-815E35FDDFD5}.Debug|Any CPU.Build.0 = Debug|Any CPU
		{5E1DFA09-5FB6-4C91-A804-815E35FDDFD5}.Debug|x64.ActiveCfg = Debug|Any CPU
		{5E1DFA09-5FB6-4C91-A804-815E35FDDFD5}.Debug|x64.Build.0 = Debug|Any CPU
		{5E1DFA09-5FB6-4C91-A804-815E35FDDFD5}.Debug|x86.ActiveCfg = Debug|Any CPU
		{5E1DFA09-5FB6-4C91-A804-815E35FDDFD5}.Debug|x86.Build.0 = Debug|Any CPU
		{5E1DFA09-5FB6-4C91-A804-815E35FDDFD5}.Release|Any CPU.ActiveCfg = Release|Any CPU
		{5E1DFA09-5FB6-4C91-A804-815E35FDDFD5}.Release|Any CPU.Build.0 = Release|Any CPU
		{5E1DFA09-5FB6-4C91-A804-815E35FDDFD5}.Release|x64.ActiveCfg = Release|Any CPU
		{5E1DFA09-5FB6-4C91-A804-815E35FDDFD5}.Release|x64.Build.0 = Release|Any CPU
		{5E1DFA09-5FB6-4C91-A804-815E35FDDFD5}.Release|x86.ActiveCfg = Release|Any CPU
		{5E1DFA09-5FB6-4C91-A804-815E35FDDFD5}.Release|x86.Build.0 = Release|Any CPU
		{40BE7B74-DCBE-4606-A58C-FD447038D7DF}.Debug|Any CPU.ActiveCfg = Debug|Any CPU
		{40BE7B74-DCBE-4606-A58C-FD447038D7DF}.Debug|Any CPU.Build.0 = Debug|Any CPU
		{40BE7B74-DCBE-4606-A58C-FD447038D7DF}.Debug|x64.ActiveCfg = Debug|Any CPU
		{40BE7B74-DCBE-4606-A58C-FD447038D7DF}.Debug|x64.Build.0 = Debug|Any CPU
		{40BE7B74-DCBE-4606-A58C-FD447038D7DF}.Debug|x86.ActiveCfg = Debug|Any CPU
		{40BE7B74-DCBE-4606-A58C-FD447038D7DF}.Debug|x86.Build.0 = Debug|Any CPU
		{40BE7B74-DCBE-4606-A58C-FD447038D7DF}.Release|Any CPU.ActiveCfg = Release|Any CPU
		{40BE7B74-DCBE-4606-A58C-FD447038D7DF}.Release|Any CPU.Build.0 = Release|Any CPU
		{40BE7B74-DCBE-4606-A58C-FD447038D7DF}.Release|x64.ActiveCfg = Release|Any CPU
		{40BE7B74-DCBE-4606-A58C-FD447038D7DF}.Release|x64.Build.0 = Release|Any CPU
		{40BE7B74-DCBE-4606-A58C-FD447038D7DF}.Release|x86.ActiveCfg = Release|Any CPU
		{40BE7B74-DCBE-4606-A58C-FD447038D7DF}.Release|x86.Build.0 = Release|Any CPU
		{294AB59E-B20C-48BF-9DF2-251D23C90CBC}.Debug|Any CPU.ActiveCfg = Debug|Any CPU
		{294AB59E-B20C-48BF-9DF2-251D23C90CBC}.Debug|Any CPU.Build.0 = Debug|Any CPU
		{294AB59E-B20C-48BF-9DF2-251D23C90CBC}.Debug|x64.ActiveCfg = Debug|Any CPU
		{294AB59E-B20C-48BF-9DF2-251D23C90CBC}.Debug|x64.Build.0 = Debug|Any CPU
		{294AB59E-B20C-48BF-9DF2-251D23C90CBC}.Debug|x86.ActiveCfg = Debug|Any CPU
		{294AB59E-B20C-48BF-9DF2-251D23C90CBC}.Debug|x86.Build.0 = Debug|Any CPU
		{294AB59E-B20C-48BF-9DF2-251D23C90CBC}.Release|Any CPU.ActiveCfg = Release|Any CPU
		{294AB59E-B20C-48BF-9DF2-251D23C90CBC}.Release|Any CPU.Build.0 = Release|Any CPU
		{294AB59E-B20C-48BF-9DF2-251D23C90CBC}.Release|x64.ActiveCfg = Release|Any CPU
		{294AB59E-B20C-48BF-9DF2-251D23C90CBC}.Release|x64.Build.0 = Release|Any CPU
		{294AB59E-B20C-48BF-9DF2-251D23C90CBC}.Release|x86.ActiveCfg = Release|Any CPU
		{294AB59E-B20C-48BF-9DF2-251D23C90CBC}.Release|x86.Build.0 = Release|Any CPU
		{D3FF2A33-80D9-4478-A006-800F1FCA9302}.Debug|Any CPU.ActiveCfg = Debug|Any CPU
		{D3FF2A33-80D9-4478-A006-800F1FCA9302}.Debug|Any CPU.Build.0 = Debug|Any CPU
		{D3FF2A33-80D9-4478-A006-800F1FCA9302}.Debug|x64.ActiveCfg = Debug|Any CPU
		{D3FF2A33-80D9-4478-A006-800F1FCA9302}.Debug|x64.Build.0 = Debug|Any CPU
		{D3FF2A33-80D9-4478-A006-800F1FCA9302}.Debug|x86.ActiveCfg = Debug|Any CPU
		{D3FF2A33-80D9-4478-A006-800F1FCA9302}.Debug|x86.Build.0 = Debug|Any CPU
		{D3FF2A33-80D9-4478-A006-800F1FCA9302}.Release|Any CPU.ActiveCfg = Release|Any CPU
		{D3FF2A33-80D9-4478-A006-800F1FCA9302}.Release|Any CPU.Build.0 = Release|Any CPU
		{D3FF2A33-80D9-4478-A006-800F1FCA9302}.Release|x64.ActiveCfg = Release|Any CPU
		{D3FF2A33-80D9-4478-A006-800F1FCA9302}.Release|x64.Build.0 = Release|Any CPU
		{D3FF2A33-80D9-4478-A006-800F1FCA9302}.Release|x86.ActiveCfg = Release|Any CPU
		{D3FF2A33-80D9-4478-A006-800F1FCA9302}.Release|x86.Build.0 = Release|Any CPU
		{263DF4A4-4EDC-4E74-9F63-C7C7191A8E47}.Debug|Any CPU.ActiveCfg = Debug|Any CPU
		{263DF4A4-4EDC-4E74-9F63-C7C7191A8E47}.Debug|Any CPU.Build.0 = Debug|Any CPU
		{263DF4A4-4EDC-4E74-9F63-C7C7191A8E47}.Debug|x64.ActiveCfg = Debug|Any CPU
		{263DF4A4-4EDC-4E74-9F63-C7C7191A8E47}.Debug|x64.Build.0 = Debug|Any CPU
		{263DF4A4-4EDC-4E74-9F63-C7C7191A8E47}.Debug|x86.ActiveCfg = Debug|Any CPU
		{263DF4A4-4EDC-4E74-9F63-C7C7191A8E47}.Debug|x86.Build.0 = Debug|Any CPU
		{263DF4A4-4EDC-4E74-9F63-C7C7191A8E47}.Release|Any CPU.ActiveCfg = Release|Any CPU
		{263DF4A4-4EDC-4E74-9F63-C7C7191A8E47}.Release|Any CPU.Build.0 = Release|Any CPU
		{263DF4A4-4EDC-4E74-9F63-C7C7191A8E47}.Release|x64.ActiveCfg = Release|Any CPU
		{263DF4A4-4EDC-4E74-9F63-C7C7191A8E47}.Release|x64.Build.0 = Release|Any CPU
		{263DF4A4-4EDC-4E74-9F63-C7C7191A8E47}.Release|x86.ActiveCfg = Release|Any CPU
		{263DF4A4-4EDC-4E74-9F63-C7C7191A8E47}.Release|x86.Build.0 = Release|Any CPU
		{470E15C2-9C69-4519-8874-2297C721EA08}.Debug|Any CPU.ActiveCfg = Debug|Any CPU
		{470E15C2-9C69-4519-8874-2297C721EA08}.Debug|Any CPU.Build.0 = Debug|Any CPU
		{470E15C2-9C69-4519-8874-2297C721EA08}.Debug|x64.ActiveCfg = Debug|Any CPU
		{470E15C2-9C69-4519-8874-2297C721EA08}.Debug|x64.Build.0 = Debug|Any CPU
		{470E15C2-9C69-4519-8874-2297C721EA08}.Debug|x86.ActiveCfg = Debug|Any CPU
		{470E15C2-9C69-4519-8874-2297C721EA08}.Debug|x86.Build.0 = Debug|Any CPU
		{470E15C2-9C69-4519-8874-2297C721EA08}.Release|Any CPU.ActiveCfg = Release|Any CPU
		{470E15C2-9C69-4519-8874-2297C721EA08}.Release|Any CPU.Build.0 = Release|Any CPU
		{470E15C2-9C69-4519-8874-2297C721EA08}.Release|x64.ActiveCfg = Release|Any CPU
		{470E15C2-9C69-4519-8874-2297C721EA08}.Release|x64.Build.0 = Release|Any CPU
		{470E15C2-9C69-4519-8874-2297C721EA08}.Release|x86.ActiveCfg = Release|Any CPU
		{470E15C2-9C69-4519-8874-2297C721EA08}.Release|x86.Build.0 = Release|Any CPU
		{74EEFEB2-67CE-4097-B7C1-0D9EAF59B9CF}.Debug|Any CPU.ActiveCfg = Debug|Any CPU
		{74EEFEB2-67CE-4097-B7C1-0D9EAF59B9CF}.Debug|Any CPU.Build.0 = Debug|Any CPU
		{74EEFEB2-67CE-4097-B7C1-0D9EAF59B9CF}.Debug|x64.ActiveCfg = Debug|Any CPU
		{74EEFEB2-67CE-4097-B7C1-0D9EAF59B9CF}.Debug|x64.Build.0 = Debug|Any CPU
		{74EEFEB2-67CE-4097-B7C1-0D9EAF59B9CF}.Debug|x86.ActiveCfg = Debug|Any CPU
		{74EEFEB2-67CE-4097-B7C1-0D9EAF59B9CF}.Debug|x86.Build.0 = Debug|Any CPU
		{74EEFEB2-67CE-4097-B7C1-0D9EAF59B9CF}.Release|Any CPU.ActiveCfg = Release|Any CPU
		{74EEFEB2-67CE-4097-B7C1-0D9EAF59B9CF}.Release|Any CPU.Build.0 = Release|Any CPU
		{74EEFEB2-67CE-4097-B7C1-0D9EAF59B9CF}.Release|x64.ActiveCfg = Release|Any CPU
		{74EEFEB2-67CE-4097-B7C1-0D9EAF59B9CF}.Release|x64.Build.0 = Release|Any CPU
		{74EEFEB2-67CE-4097-B7C1-0D9EAF59B9CF}.Release|x86.ActiveCfg = Release|Any CPU
		{74EEFEB2-67CE-4097-B7C1-0D9EAF59B9CF}.Release|x86.Build.0 = Release|Any CPU
		{0030EF29-7F7A-4E7C-B3EF-A2A7BD5A3E45}.Debug|Any CPU.ActiveCfg = Debug|Any CPU
		{0030EF29-7F7A-4E7C-B3EF-A2A7BD5A3E45}.Debug|Any CPU.Build.0 = Debug|Any CPU
		{0030EF29-7F7A-4E7C-B3EF-A2A7BD5A3E45}.Debug|x64.ActiveCfg = Debug|Any CPU
		{0030EF29-7F7A-4E7C-B3EF-A2A7BD5A3E45}.Debug|x64.Build.0 = Debug|Any CPU
		{0030EF29-7F7A-4E7C-B3EF-A2A7BD5A3E45}.Debug|x86.ActiveCfg = Debug|Any CPU
		{0030EF29-7F7A-4E7C-B3EF-A2A7BD5A3E45}.Debug|x86.Build.0 = Debug|Any CPU
		{0030EF29-7F7A-4E7C-B3EF-A2A7BD5A3E45}.Release|Any CPU.ActiveCfg = Release|Any CPU
		{0030EF29-7F7A-4E7C-B3EF-A2A7BD5A3E45}.Release|Any CPU.Build.0 = Release|Any CPU
		{0030EF29-7F7A-4E7C-B3EF-A2A7BD5A3E45}.Release|x64.ActiveCfg = Release|Any CPU
		{0030EF29-7F7A-4E7C-B3EF-A2A7BD5A3E45}.Release|x64.Build.0 = Release|Any CPU
		{0030EF29-7F7A-4E7C-B3EF-A2A7BD5A3E45}.Release|x86.ActiveCfg = Release|Any CPU
		{0030EF29-7F7A-4E7C-B3EF-A2A7BD5A3E45}.Release|x86.Build.0 = Release|Any CPU
		{1DA55150-01A3-43A2-8F53-2EB679B3D4F1}.Debug|Any CPU.ActiveCfg = Debug|Any CPU
		{1DA55150-01A3-43A2-8F53-2EB679B3D4F1}.Debug|Any CPU.Build.0 = Debug|Any CPU
		{1DA55150-01A3-43A2-8F53-2EB679B3D4F1}.Debug|x64.ActiveCfg = Debug|Any CPU
		{1DA55150-01A3-43A2-8F53-2EB679B3D4F1}.Debug|x64.Build.0 = Debug|Any CPU
		{1DA55150-01A3-43A2-8F53-2EB679B3D4F1}.Debug|x86.ActiveCfg = Debug|Any CPU
		{1DA55150-01A3-43A2-8F53-2EB679B3D4F1}.Debug|x86.Build.0 = Debug|Any CPU
		{1DA55150-01A3-43A2-8F53-2EB679B3D4F1}.Release|Any CPU.ActiveCfg = Release|Any CPU
		{1DA55150-01A3-43A2-8F53-2EB679B3D4F1}.Release|Any CPU.Build.0 = Release|Any CPU
		{1DA55150-01A3-43A2-8F53-2EB679B3D4F1}.Release|x64.ActiveCfg = Release|Any CPU
		{1DA55150-01A3-43A2-8F53-2EB679B3D4F1}.Release|x64.Build.0 = Release|Any CPU
		{1DA55150-01A3-43A2-8F53-2EB679B3D4F1}.Release|x86.ActiveCfg = Release|Any CPU
		{1DA55150-01A3-43A2-8F53-2EB679B3D4F1}.Release|x86.Build.0 = Release|Any CPU
		{3F647253-8A6A-4451-86DA-CE51388639F1}.Debug|Any CPU.ActiveCfg = Debug|Any CPU
		{3F647253-8A6A-4451-86DA-CE51388639F1}.Debug|Any CPU.Build.0 = Debug|Any CPU
		{3F647253-8A6A-4451-86DA-CE51388639F1}.Debug|x64.ActiveCfg = Debug|Any CPU
		{3F647253-8A6A-4451-86DA-CE51388639F1}.Debug|x64.Build.0 = Debug|Any CPU
		{3F647253-8A6A-4451-86DA-CE51388639F1}.Debug|x86.ActiveCfg = Debug|Any CPU
		{3F647253-8A6A-4451-86DA-CE51388639F1}.Debug|x86.Build.0 = Debug|Any CPU
		{3F647253-8A6A-4451-86DA-CE51388639F1}.Release|Any CPU.ActiveCfg = Release|Any CPU
		{3F647253-8A6A-4451-86DA-CE51388639F1}.Release|Any CPU.Build.0 = Release|Any CPU
		{3F647253-8A6A-4451-86DA-CE51388639F1}.Release|x64.ActiveCfg = Release|Any CPU
		{3F647253-8A6A-4451-86DA-CE51388639F1}.Release|x64.Build.0 = Release|Any CPU
		{3F647253-8A6A-4451-86DA-CE51388639F1}.Release|x86.ActiveCfg = Release|Any CPU
		{3F647253-8A6A-4451-86DA-CE51388639F1}.Release|x86.Build.0 = Release|Any CPU
		{46C34251-D1AD-40CB-BDD3-C4AF54CBA1EC}.Debug|Any CPU.ActiveCfg = Debug|Any CPU
		{46C34251-D1AD-40CB-BDD3-C4AF54CBA1EC}.Debug|Any CPU.Build.0 = Debug|Any CPU
		{46C34251-D1AD-40CB-BDD3-C4AF54CBA1EC}.Debug|x64.ActiveCfg = Debug|Any CPU
		{46C34251-D1AD-40CB-BDD3-C4AF54CBA1EC}.Debug|x64.Build.0 = Debug|Any CPU
		{46C34251-D1AD-40CB-BDD3-C4AF54CBA1EC}.Debug|x86.ActiveCfg = Debug|Any CPU
		{46C34251-D1AD-40CB-BDD3-C4AF54CBA1EC}.Debug|x86.Build.0 = Debug|Any CPU
		{46C34251-D1AD-40CB-BDD3-C4AF54CBA1EC}.Release|Any CPU.ActiveCfg = Release|Any CPU
		{46C34251-D1AD-40CB-BDD3-C4AF54CBA1EC}.Release|Any CPU.Build.0 = Release|Any CPU
		{46C34251-D1AD-40CB-BDD3-C4AF54CBA1EC}.Release|x64.ActiveCfg = Release|Any CPU
		{46C34251-D1AD-40CB-BDD3-C4AF54CBA1EC}.Release|x64.Build.0 = Release|Any CPU
		{46C34251-D1AD-40CB-BDD3-C4AF54CBA1EC}.Release|x86.ActiveCfg = Release|Any CPU
		{46C34251-D1AD-40CB-BDD3-C4AF54CBA1EC}.Release|x86.Build.0 = Release|Any CPU
		{F83E3B38-98DE-459D-8FB7-E4B158469BDB}.Debug|Any CPU.ActiveCfg = Debug|Any CPU
		{F83E3B38-98DE-459D-8FB7-E4B158469BDB}.Debug|Any CPU.Build.0 = Debug|Any CPU
		{F83E3B38-98DE-459D-8FB7-E4B158469BDB}.Debug|x64.ActiveCfg = Debug|Any CPU
		{F83E3B38-98DE-459D-8FB7-E4B158469BDB}.Debug|x64.Build.0 = Debug|Any CPU
		{F83E3B38-98DE-459D-8FB7-E4B158469BDB}.Debug|x86.ActiveCfg = Debug|Any CPU
		{F83E3B38-98DE-459D-8FB7-E4B158469BDB}.Debug|x86.Build.0 = Debug|Any CPU
		{F83E3B38-98DE-459D-8FB7-E4B158469BDB}.Release|Any CPU.ActiveCfg = Release|Any CPU
		{F83E3B38-98DE-459D-8FB7-E4B158469BDB}.Release|Any CPU.Build.0 = Release|Any CPU
		{F83E3B38-98DE-459D-8FB7-E4B158469BDB}.Release|x64.ActiveCfg = Release|Any CPU
		{F83E3B38-98DE-459D-8FB7-E4B158469BDB}.Release|x64.Build.0 = Release|Any CPU
		{F83E3B38-98DE-459D-8FB7-E4B158469BDB}.Release|x86.ActiveCfg = Release|Any CPU
		{F83E3B38-98DE-459D-8FB7-E4B158469BDB}.Release|x86.Build.0 = Release|Any CPU
		{8D11D1BE-D4B2-4026-94E1-57A72507FEE5}.Debug|Any CPU.ActiveCfg = Debug|Any CPU
		{8D11D1BE-D4B2-4026-94E1-57A72507FEE5}.Debug|Any CPU.Build.0 = Debug|Any CPU
		{8D11D1BE-D4B2-4026-94E1-57A72507FEE5}.Debug|x64.ActiveCfg = Debug|Any CPU
		{8D11D1BE-D4B2-4026-94E1-57A72507FEE5}.Debug|x64.Build.0 = Debug|Any CPU
		{8D11D1BE-D4B2-4026-94E1-57A72507FEE5}.Debug|x86.ActiveCfg = Debug|Any CPU
		{8D11D1BE-D4B2-4026-94E1-57A72507FEE5}.Debug|x86.Build.0 = Debug|Any CPU
		{8D11D1BE-D4B2-4026-94E1-57A72507FEE5}.Release|Any CPU.ActiveCfg = Release|Any CPU
		{8D11D1BE-D4B2-4026-94E1-57A72507FEE5}.Release|Any CPU.Build.0 = Release|Any CPU
		{8D11D1BE-D4B2-4026-94E1-57A72507FEE5}.Release|x64.ActiveCfg = Release|Any CPU
		{8D11D1BE-D4B2-4026-94E1-57A72507FEE5}.Release|x64.Build.0 = Release|Any CPU
		{8D11D1BE-D4B2-4026-94E1-57A72507FEE5}.Release|x86.ActiveCfg = Release|Any CPU
		{8D11D1BE-D4B2-4026-94E1-57A72507FEE5}.Release|x86.Build.0 = Release|Any CPU
		{0059A9E9-8F85-46F9-B8EF-61C22ED1525F}.Debug|Any CPU.ActiveCfg = Debug|Any CPU
		{0059A9E9-8F85-46F9-B8EF-61C22ED1525F}.Debug|Any CPU.Build.0 = Debug|Any CPU
		{0059A9E9-8F85-46F9-B8EF-61C22ED1525F}.Debug|x64.ActiveCfg = Debug|Any CPU
		{0059A9E9-8F85-46F9-B8EF-61C22ED1525F}.Debug|x64.Build.0 = Debug|Any CPU
		{0059A9E9-8F85-46F9-B8EF-61C22ED1525F}.Debug|x86.ActiveCfg = Debug|Any CPU
		{0059A9E9-8F85-46F9-B8EF-61C22ED1525F}.Debug|x86.Build.0 = Debug|Any CPU
		{0059A9E9-8F85-46F9-B8EF-61C22ED1525F}.Release|Any CPU.ActiveCfg = Release|Any CPU
		{0059A9E9-8F85-46F9-B8EF-61C22ED1525F}.Release|Any CPU.Build.0 = Release|Any CPU
		{0059A9E9-8F85-46F9-B8EF-61C22ED1525F}.Release|x64.ActiveCfg = Release|Any CPU
		{0059A9E9-8F85-46F9-B8EF-61C22ED1525F}.Release|x64.Build.0 = Release|Any CPU
		{0059A9E9-8F85-46F9-B8EF-61C22ED1525F}.Release|x86.ActiveCfg = Release|Any CPU
		{0059A9E9-8F85-46F9-B8EF-61C22ED1525F}.Release|x86.Build.0 = Release|Any CPU
		{1B38CF4A-E5DD-4B0C-996C-E412C804975A}.Debug|Any CPU.ActiveCfg = Debug|Any CPU
		{1B38CF4A-E5DD-4B0C-996C-E412C804975A}.Debug|Any CPU.Build.0 = Debug|Any CPU
		{1B38CF4A-E5DD-4B0C-996C-E412C804975A}.Debug|x64.ActiveCfg = Debug|Any CPU
		{1B38CF4A-E5DD-4B0C-996C-E412C804975A}.Debug|x64.Build.0 = Debug|Any CPU
		{1B38CF4A-E5DD-4B0C-996C-E412C804975A}.Debug|x86.ActiveCfg = Debug|Any CPU
		{1B38CF4A-E5DD-4B0C-996C-E412C804975A}.Debug|x86.Build.0 = Debug|Any CPU
		{1B38CF4A-E5DD-4B0C-996C-E412C804975A}.Release|Any CPU.ActiveCfg = Release|Any CPU
		{1B38CF4A-E5DD-4B0C-996C-E412C804975A}.Release|Any CPU.Build.0 = Release|Any CPU
		{1B38CF4A-E5DD-4B0C-996C-E412C804975A}.Release|x64.ActiveCfg = Release|Any CPU
		{1B38CF4A-E5DD-4B0C-996C-E412C804975A}.Release|x64.Build.0 = Release|Any CPU
		{1B38CF4A-E5DD-4B0C-996C-E412C804975A}.Release|x86.ActiveCfg = Release|Any CPU
		{1B38CF4A-E5DD-4B0C-996C-E412C804975A}.Release|x86.Build.0 = Release|Any CPU
		{B14D3205-402E-4F4B-8032-674F0BECD87D}.Debug|Any CPU.ActiveCfg = Debug|Any CPU
		{B14D3205-402E-4F4B-8032-674F0BECD87D}.Debug|Any CPU.Build.0 = Debug|Any CPU
		{B14D3205-402E-4F4B-8032-674F0BECD87D}.Debug|x64.ActiveCfg = Debug|Any CPU
		{B14D3205-402E-4F4B-8032-674F0BECD87D}.Debug|x64.Build.0 = Debug|Any CPU
		{B14D3205-402E-4F4B-8032-674F0BECD87D}.Debug|x86.ActiveCfg = Debug|Any CPU
		{B14D3205-402E-4F4B-8032-674F0BECD87D}.Debug|x86.Build.0 = Debug|Any CPU
		{B14D3205-402E-4F4B-8032-674F0BECD87D}.Release|Any CPU.ActiveCfg = Release|Any CPU
		{B14D3205-402E-4F4B-8032-674F0BECD87D}.Release|Any CPU.Build.0 = Release|Any CPU
		{B14D3205-402E-4F4B-8032-674F0BECD87D}.Release|x64.ActiveCfg = Release|Any CPU
		{B14D3205-402E-4F4B-8032-674F0BECD87D}.Release|x64.Build.0 = Release|Any CPU
		{B14D3205-402E-4F4B-8032-674F0BECD87D}.Release|x86.ActiveCfg = Release|Any CPU
		{B14D3205-402E-4F4B-8032-674F0BECD87D}.Release|x86.Build.0 = Release|Any CPU
		{565AA29B-5BA0-4AB7-BE20-1D043CAC3EE1}.Debug|Any CPU.ActiveCfg = Debug|Any CPU
		{565AA29B-5BA0-4AB7-BE20-1D043CAC3EE1}.Debug|Any CPU.Build.0 = Debug|Any CPU
		{565AA29B-5BA0-4AB7-BE20-1D043CAC3EE1}.Debug|x64.ActiveCfg = Debug|Any CPU
		{565AA29B-5BA0-4AB7-BE20-1D043CAC3EE1}.Debug|x64.Build.0 = Debug|Any CPU
		{565AA29B-5BA0-4AB7-BE20-1D043CAC3EE1}.Debug|x86.ActiveCfg = Debug|Any CPU
		{565AA29B-5BA0-4AB7-BE20-1D043CAC3EE1}.Debug|x86.Build.0 = Debug|Any CPU
		{565AA29B-5BA0-4AB7-BE20-1D043CAC3EE1}.Release|Any CPU.ActiveCfg = Release|Any CPU
		{565AA29B-5BA0-4AB7-BE20-1D043CAC3EE1}.Release|Any CPU.Build.0 = Release|Any CPU
		{565AA29B-5BA0-4AB7-BE20-1D043CAC3EE1}.Release|x64.ActiveCfg = Release|Any CPU
		{565AA29B-5BA0-4AB7-BE20-1D043CAC3EE1}.Release|x64.Build.0 = Release|Any CPU
		{565AA29B-5BA0-4AB7-BE20-1D043CAC3EE1}.Release|x86.ActiveCfg = Release|Any CPU
		{565AA29B-5BA0-4AB7-BE20-1D043CAC3EE1}.Release|x86.Build.0 = Release|Any CPU
		{150E0A3D-D807-4405-9499-1277CCED1D68}.Debug|Any CPU.ActiveCfg = Debug|Any CPU
		{150E0A3D-D807-4405-9499-1277CCED1D68}.Debug|Any CPU.Build.0 = Debug|Any CPU
		{150E0A3D-D807-4405-9499-1277CCED1D68}.Debug|x64.ActiveCfg = Debug|Any CPU
		{150E0A3D-D807-4405-9499-1277CCED1D68}.Debug|x64.Build.0 = Debug|Any CPU
		{150E0A3D-D807-4405-9499-1277CCED1D68}.Debug|x86.ActiveCfg = Debug|Any CPU
		{150E0A3D-D807-4405-9499-1277CCED1D68}.Debug|x86.Build.0 = Debug|Any CPU
		{150E0A3D-D807-4405-9499-1277CCED1D68}.Release|Any CPU.ActiveCfg = Release|Any CPU
		{150E0A3D-D807-4405-9499-1277CCED1D68}.Release|Any CPU.Build.0 = Release|Any CPU
		{150E0A3D-D807-4405-9499-1277CCED1D68}.Release|x64.ActiveCfg = Release|Any CPU
		{150E0A3D-D807-4405-9499-1277CCED1D68}.Release|x64.Build.0 = Release|Any CPU
		{150E0A3D-D807-4405-9499-1277CCED1D68}.Release|x86.ActiveCfg = Release|Any CPU
		{150E0A3D-D807-4405-9499-1277CCED1D68}.Release|x86.Build.0 = Release|Any CPU
		{94EB9F5F-9F5D-49D2-A312-1D8FF5816839}.Debug|Any CPU.ActiveCfg = Debug|Any CPU
		{94EB9F5F-9F5D-49D2-A312-1D8FF5816839}.Debug|Any CPU.Build.0 = Debug|Any CPU
		{94EB9F5F-9F5D-49D2-A312-1D8FF5816839}.Debug|x64.ActiveCfg = Debug|Any CPU
		{94EB9F5F-9F5D-49D2-A312-1D8FF5816839}.Debug|x64.Build.0 = Debug|Any CPU
		{94EB9F5F-9F5D-49D2-A312-1D8FF5816839}.Debug|x86.ActiveCfg = Debug|Any CPU
		{94EB9F5F-9F5D-49D2-A312-1D8FF5816839}.Debug|x86.Build.0 = Debug|Any CPU
		{94EB9F5F-9F5D-49D2-A312-1D8FF5816839}.Release|Any CPU.ActiveCfg = Release|Any CPU
		{94EB9F5F-9F5D-49D2-A312-1D8FF5816839}.Release|Any CPU.Build.0 = Release|Any CPU
		{94EB9F5F-9F5D-49D2-A312-1D8FF5816839}.Release|x64.ActiveCfg = Release|Any CPU
		{94EB9F5F-9F5D-49D2-A312-1D8FF5816839}.Release|x64.Build.0 = Release|Any CPU
		{94EB9F5F-9F5D-49D2-A312-1D8FF5816839}.Release|x86.ActiveCfg = Release|Any CPU
		{94EB9F5F-9F5D-49D2-A312-1D8FF5816839}.Release|x86.Build.0 = Release|Any CPU
		{4A16730A-6069-4C93-B045-02A832B1C54A}.Debug|Any CPU.ActiveCfg = Debug|Any CPU
		{4A16730A-6069-4C93-B045-02A832B1C54A}.Debug|Any CPU.Build.0 = Debug|Any CPU
		{4A16730A-6069-4C93-B045-02A832B1C54A}.Debug|x64.ActiveCfg = Debug|Any CPU
		{4A16730A-6069-4C93-B045-02A832B1C54A}.Debug|x64.Build.0 = Debug|Any CPU
		{4A16730A-6069-4C93-B045-02A832B1C54A}.Debug|x86.ActiveCfg = Debug|Any CPU
		{4A16730A-6069-4C93-B045-02A832B1C54A}.Debug|x86.Build.0 = Debug|Any CPU
		{4A16730A-6069-4C93-B045-02A832B1C54A}.Release|Any CPU.ActiveCfg = Release|Any CPU
		{4A16730A-6069-4C93-B045-02A832B1C54A}.Release|Any CPU.Build.0 = Release|Any CPU
		{4A16730A-6069-4C93-B045-02A832B1C54A}.Release|x64.ActiveCfg = Release|Any CPU
		{4A16730A-6069-4C93-B045-02A832B1C54A}.Release|x64.Build.0 = Release|Any CPU
		{4A16730A-6069-4C93-B045-02A832B1C54A}.Release|x86.ActiveCfg = Release|Any CPU
		{4A16730A-6069-4C93-B045-02A832B1C54A}.Release|x86.Build.0 = Release|Any CPU
		{618F1177-E335-4313-A486-759F6B86EF42}.Debug|Any CPU.ActiveCfg = Debug|Any CPU
		{618F1177-E335-4313-A486-759F6B86EF42}.Debug|Any CPU.Build.0 = Debug|Any CPU
		{618F1177-E335-4313-A486-759F6B86EF42}.Debug|x64.ActiveCfg = Debug|Any CPU
		{618F1177-E335-4313-A486-759F6B86EF42}.Debug|x64.Build.0 = Debug|Any CPU
		{618F1177-E335-4313-A486-759F6B86EF42}.Debug|x86.ActiveCfg = Debug|Any CPU
		{618F1177-E335-4313-A486-759F6B86EF42}.Debug|x86.Build.0 = Debug|Any CPU
		{618F1177-E335-4313-A486-759F6B86EF42}.Release|Any CPU.ActiveCfg = Release|Any CPU
		{618F1177-E335-4313-A486-759F6B86EF42}.Release|Any CPU.Build.0 = Release|Any CPU
		{618F1177-E335-4313-A486-759F6B86EF42}.Release|x64.ActiveCfg = Release|Any CPU
		{618F1177-E335-4313-A486-759F6B86EF42}.Release|x64.Build.0 = Release|Any CPU
		{618F1177-E335-4313-A486-759F6B86EF42}.Release|x86.ActiveCfg = Release|Any CPU
		{618F1177-E335-4313-A486-759F6B86EF42}.Release|x86.Build.0 = Release|Any CPU
		{20A62AFC-2EC6-4FB9-8903-A66C57EF453A}.Debug|Any CPU.ActiveCfg = Debug|Any CPU
		{20A62AFC-2EC6-4FB9-8903-A66C57EF453A}.Debug|Any CPU.Build.0 = Debug|Any CPU
		{20A62AFC-2EC6-4FB9-8903-A66C57EF453A}.Debug|x64.ActiveCfg = Debug|Any CPU
		{20A62AFC-2EC6-4FB9-8903-A66C57EF453A}.Debug|x64.Build.0 = Debug|Any CPU
		{20A62AFC-2EC6-4FB9-8903-A66C57EF453A}.Debug|x86.ActiveCfg = Debug|Any CPU
		{20A62AFC-2EC6-4FB9-8903-A66C57EF453A}.Debug|x86.Build.0 = Debug|Any CPU
		{20A62AFC-2EC6-4FB9-8903-A66C57EF453A}.Release|Any CPU.ActiveCfg = Release|Any CPU
		{20A62AFC-2EC6-4FB9-8903-A66C57EF453A}.Release|Any CPU.Build.0 = Release|Any CPU
		{20A62AFC-2EC6-4FB9-8903-A66C57EF453A}.Release|x64.ActiveCfg = Release|Any CPU
		{20A62AFC-2EC6-4FB9-8903-A66C57EF453A}.Release|x64.Build.0 = Release|Any CPU
		{20A62AFC-2EC6-4FB9-8903-A66C57EF453A}.Release|x86.ActiveCfg = Release|Any CPU
		{20A62AFC-2EC6-4FB9-8903-A66C57EF453A}.Release|x86.Build.0 = Release|Any CPU
		{9EA73B03-1E78-447E-91C5-E0275D93C1FB}.Debug|Any CPU.ActiveCfg = Debug|Any CPU
		{9EA73B03-1E78-447E-91C5-E0275D93C1FB}.Debug|Any CPU.Build.0 = Debug|Any CPU
		{9EA73B03-1E78-447E-91C5-E0275D93C1FB}.Debug|x64.ActiveCfg = Debug|Any CPU
		{9EA73B03-1E78-447E-91C5-E0275D93C1FB}.Debug|x64.Build.0 = Debug|Any CPU
		{9EA73B03-1E78-447E-91C5-E0275D93C1FB}.Debug|x86.ActiveCfg = Debug|Any CPU
		{9EA73B03-1E78-447E-91C5-E0275D93C1FB}.Debug|x86.Build.0 = Debug|Any CPU
		{9EA73B03-1E78-447E-91C5-E0275D93C1FB}.Release|Any CPU.ActiveCfg = Release|Any CPU
		{9EA73B03-1E78-447E-91C5-E0275D93C1FB}.Release|Any CPU.Build.0 = Release|Any CPU
		{9EA73B03-1E78-447E-91C5-E0275D93C1FB}.Release|x64.ActiveCfg = Release|Any CPU
		{9EA73B03-1E78-447E-91C5-E0275D93C1FB}.Release|x64.Build.0 = Release|Any CPU
		{9EA73B03-1E78-447E-91C5-E0275D93C1FB}.Release|x86.ActiveCfg = Release|Any CPU
		{9EA73B03-1E78-447E-91C5-E0275D93C1FB}.Release|x86.Build.0 = Release|Any CPU
		{35B5B495-381D-42DF-A994-0075D46DB6B8}.Debug|Any CPU.ActiveCfg = Debug|Any CPU
		{35B5B495-381D-42DF-A994-0075D46DB6B8}.Debug|Any CPU.Build.0 = Debug|Any CPU
		{35B5B495-381D-42DF-A994-0075D46DB6B8}.Debug|x64.ActiveCfg = Debug|Any CPU
		{35B5B495-381D-42DF-A994-0075D46DB6B8}.Debug|x64.Build.0 = Debug|Any CPU
		{35B5B495-381D-42DF-A994-0075D46DB6B8}.Debug|x86.ActiveCfg = Debug|Any CPU
		{35B5B495-381D-42DF-A994-0075D46DB6B8}.Debug|x86.Build.0 = Debug|Any CPU
		{35B5B495-381D-42DF-A994-0075D46DB6B8}.Release|Any CPU.ActiveCfg = Release|Any CPU
		{35B5B495-381D-42DF-A994-0075D46DB6B8}.Release|Any CPU.Build.0 = Release|Any CPU
		{35B5B495-381D-42DF-A994-0075D46DB6B8}.Release|x64.ActiveCfg = Release|Any CPU
		{35B5B495-381D-42DF-A994-0075D46DB6B8}.Release|x64.Build.0 = Release|Any CPU
		{35B5B495-381D-42DF-A994-0075D46DB6B8}.Release|x86.ActiveCfg = Release|Any CPU
		{35B5B495-381D-42DF-A994-0075D46DB6B8}.Release|x86.Build.0 = Release|Any CPU
	EndGlobalSection
	GlobalSection(SolutionProperties) = preSolution
		HideSolutionNode = FALSE
	EndGlobalSection
EndGlobal
